
Microsoft Visual Studio Solution File, Format Version 12.00
# Visual Studio Version 17
VisualStudioVersion = 17.9.34714.143
MinimumVisualStudioVersion = 10.0.40219.1
Project("{FAE04EC0-301F-11D3-BF4B-00C04F79EFBC}") = "HelloCSharp07", "HelloCSharp07\HelloCSharp07.csproj", "{8ACA04FC-2968-4A6E-B904-AE7A42EC6BBA}"
EndProject
Global
	GlobalSection(SolutionConfigurationPlatforms) = preSolution
		Debug|Any CPU = Debug|Any CPU
		Release|Any CPU = Release|Any CPU
	EndGlobalSection
	GlobalSection(ProjectConfigurationPlatforms) = postSolution
		{8ACA04FC-2968-4A6E-B904-AE7A42EC6BBA}.Debug|Any CPU.ActiveCfg = Debug|Any CPU
		{8ACA04FC-2968-4A6E-B904-AE7A42EC6BBA}.Debug|Any CPU.Build.0 = Debug|Any CPU
		{8ACA04FC-2968-4A6E-B904-AE7A42EC6BBA}.Release|Any CPU.ActiveCfg = Release|Any CPU
		{8ACA04FC-2968-4A6E-B904-AE7A42EC6BBA}.Release|Any CPU.Build.0 = Release|Any CPU
	EndGlobalSection
	GlobalSection(SolutionProperties) = preSolution
		HideSolutionNode = FALSE
	EndGlobalSection
	GlobalSection(ExtensibilityGlobals) = postSolution
		SolutionGuid = {667BFDC1-7FE3-4740-B87A-70DF8E1E384B}
	EndGlobalSection
EndGlobal
