
Microsoft Visual Studio Solution File, Format Version 12.00
# Visual Studio Version 17
VisualStudioVersion = 17.9.34714.143
MinimumVisualStudioVersion = 10.0.40219.1
Project("{8BC9CEB8-8B4A-11D0-8D11-00A0C91BC942}") = "HelloC", "HelloC\HelloC.vcxproj", "{07B4A2A4-7003-4288-BAE1-B1E3F85C32DD}"
EndProject
Global
	GlobalSection(SolutionConfigurationPlatforms) = preSolution
		Debug|x64 = Debug|x64
		Debug|x86 = Debug|x86
		Release|x64 = Release|x64
		Release|x86 = Release|x86
	EndGlobalSection
	GlobalSection(ProjectConfigurationPlatforms) = postSolution
		{07B4A2A4-7003-4288-BAE1-B1E3F85C32DD}.Debug|x64.ActiveCfg = Debug|x64
		{07B4A2A4-7003-4288-BAE1-B1E3F85C32DD}.Debug|x64.Build.0 = Debug|x64
		{07B4A2A4-7003-4288-BAE1-B1E3F85C32DD}.Debug|x86.ActiveCfg = Debug|Win32
		{07B4A2A4-7003-4288-BAE1-B1E3F85C32DD}.Debug|x86.Build.0 = Debug|Win32
		{07B4A2A4-7003-4288-BAE1-B1E3F85C32DD}.Release|x64.ActiveCfg = Release|x64
		{07B4A2A4-7003-4288-BAE1-B1E3F85C32DD}.Release|x64.Build.0 = Release|x64
		{07B4A2A4-7003-4288-BAE1-B1E3F85C32DD}.Release|x86.ActiveCfg = Release|Win32
		{07B4A2A4-7003-4288-BAE1-B1E3F85C32DD}.Release|x86.Build.0 = Release|Win32
	EndGlobalSection
	GlobalSection(SolutionProperties) = preSolution
		HideSolutionNode = FALSE
	EndGlobalSection
	GlobalSection(ExtensibilityGlobals) = postSolution
		SolutionGuid = {06120D67-99C4-4F25-A85C-09C24350A3DE}
	EndGlobalSection
EndGlobal
